
Microsoft Visual Studio Solution File, Format Version 12.00
# Visual Studio Version 17
VisualStudioVersion = 17.12.35527.113 d17.12
MinimumVisualStudioVersion = 10.0.40219.1
Project("{888888A0-9F3D-457C-B088-3A5042F75D52}") = "Miades-GYM", "Miades-GYM.pyproj", "{514B23BC-A2C8-4B0A-8C54-87D35E47DECF}"
EndProject
Global
	GlobalSection(SolutionConfigurationPlatforms) = preSolution
		Debug|Any CPU = Debug|Any CPU
		Release|Any CPU = Release|Any CPU
	EndGlobalSection
	GlobalSection(ProjectConfigurationPlatforms) = postSolution
		{514B23BC-A2C8-4B0A-8C54-87D35E47DECF}.Debug|Any CPU.ActiveCfg = Debug|Any CPU
		{514B23BC-A2C8-4B0A-8C54-87D35E47DECF}.Debug|Any CPU.Build.0 = Debug|Any CPU
		{514B23BC-A2C8-4B0A-8C54-87D35E47DECF}.Release|Any CPU.ActiveCfg = Release|Any CPU
		{514B23BC-A2C8-4B0A-8C54-87D35E47DECF}.Release|Any CPU.Build.0 = Release|Any CPU
	EndGlobalSection
	GlobalSection(SolutionProperties) = preSolution
		HideSolutionNode = FALSE
	EndGlobalSection
EndGlobal
